// !$*UTF8*$!
{
	archiveVersion = 1;
	classes = {
	};
	objectVersion = 56;
	objects = {

/* Begin PBXBuildFile section */
		0454CC532ACB889F00F1E9D3 /* Todo_List_SwiftUIApp.swift in Sources */ = {isa = PBXBuildFile; fileRef = 0454CC522ACB889F00F1E9D3 /* Todo_List_SwiftUIApp.swift */; };
		0454CC572ACB88A000F1E9D3 /* Assets.xcassets in Resources */ = {isa = PBXBuildFile; fileRef = 0454CC562ACB88A000F1E9D3 /* Assets.xcassets */; };
		0454CC5A2ACB88A000F1E9D3 /* Preview Assets.xcassets in Resources */ = {isa = PBXBuildFile; fileRef = 0454CC592ACB88A000F1E9D3 /* Preview Assets.xcassets */; };
		046ACFA52AD2812900CA36C7 /* NoItemsView.swift in Sources */ = {isa = PBXBuildFile; fileRef = 046ACFA42AD2812900CA36C7 /* NoItemsView.swift */; };
		047A035F2AD20AF300394E66 /* ListView.swift in Sources */ = {isa = PBXBuildFile; fileRef = 047A035E2AD20AF300394E66 /* ListView.swift */; };
		047A03612AD20ECC00394E66 /* ListRowView.swift in Sources */ = {isa = PBXBuildFile; fileRef = 047A03602AD20ECC00394E66 /* ListRowView.swift */; };
		047A03632AD2160F00394E66 /* AddView.swift in Sources */ = {isa = PBXBuildFile; fileRef = 047A03622AD2160F00394E66 /* AddView.swift */; };
		047A66EF2AD234C800C7A77B /* ItemModel.swift in Sources */ = {isa = PBXBuildFile; fileRef = 047A66EE2AD234C800C7A77B /* ItemModel.swift */; };
		047A66F22AD238E700C7A77B /* ListViewModel.swift in Sources */ = {isa = PBXBuildFile; fileRef = 047A66F12AD238E700C7A77B /* ListViewModel.swift */; };
		04A6FE5C2AD3064800AA5CE5 /* LaunchScreen.storyboard in Resources */ = {isa = PBXBuildFile; fileRef = 04A6FE5B2AD3064800AA5CE5 /* LaunchScreen.storyboard */; };
/* End PBXBuildFile section */

/* Begin PBXFileReference section */
		0454CC4F2ACB889F00F1E9D3 /* Todo List SwiftUI.app */ = {isa = PBXFileReference; explicitFileType = wrapper.application; includeInIndex = 0; path = "Todo List SwiftUI.app"; sourceTree = BUILT_PRODUCTS_DIR; };
		0454CC522ACB889F00F1E9D3 /* Todo_List_SwiftUIApp.swift */ = {isa = PBXFileReference; lastKnownFileType = sourcecode.swift; path = Todo_List_SwiftUIApp.swift; sourceTree = "<group>"; };
		0454CC562ACB88A000F1E9D3 /* Assets.xcassets */ = {isa = PBXFileReference; lastKnownFileType = folder.assetcatalog; path = Assets.xcassets; sourceTree = "<group>"; };
		0454CC592ACB88A000F1E9D3 /* Preview Assets.xcassets */ = {isa = PBXFileReference; lastKnownFileType = folder.assetcatalog; path = "Preview Assets.xcassets"; sourceTree = "<group>"; };
		046ACFA42AD2812900CA36C7 /* NoItemsView.swift */ = {isa = PBXFileReference; lastKnownFileType = sourcecode.swift; path = NoItemsView.swift; sourceTree = "<group>"; };
		047A035E2AD20AF300394E66 /* ListView.swift */ = {isa = PBXFileReference; lastKnownFileType = sourcecode.swift; path = ListView.swift; sourceTree = "<group>"; };
		047A03602AD20ECC00394E66 /* ListRowView.swift */ = {isa = PBXFileReference; lastKnownFileType = sourcecode.swift; path = ListRowView.swift; sourceTree = "<group>"; };
		047A03622AD2160F00394E66 /* AddView.swift */ = {isa = PBXFileReference; lastKnownFileType = sourcecode.swift; path = AddView.swift; sourceTree = "<group>"; };
		047A66EE2AD234C800C7A77B /* ItemModel.swift */ = {isa = PBXFileReference; lastKnownFileType = sourcecode.swift; path = ItemModel.swift; sourceTree = "<group>"; };
		047A66F12AD238E700C7A77B /* ListViewModel.swift */ = {isa = PBXFileReference; lastKnownFileType = sourcecode.swift; path = ListViewModel.swift; sourceTree = "<group>"; };
		04A6FE5B2AD3064800AA5CE5 /* LaunchScreen.storyboard */ = {isa = PBXFileReference; lastKnownFileType = file.storyboard; path = LaunchScreen.storyboard; sourceTree = "<group>"; };
/* End PBXFileReference section */

/* Begin PBXFrameworksBuildPhase section */
		0454CC4C2ACB889F00F1E9D3 /* Frameworks */ = {
			isa = PBXFrameworksBuildPhase;
			buildActionMask = 2147483647;
			files = (
			);
			runOnlyForDeploymentPostprocessing = 0;
		};
/* End PBXFrameworksBuildPhase section */

/* Begin PBXGroup section */
		0454CC462ACB889F00F1E9D3 = {
			isa = PBXGroup;
			children = (
				0454CC512ACB889F00F1E9D3 /* Todo List SwiftUI */,
				0454CC502ACB889F00F1E9D3 /* Products */,
			);
			sourceTree = "<group>";
		};
		0454CC502ACB889F00F1E9D3 /* Products */ = {
			isa = PBXGroup;
			children = (
				0454CC4F2ACB889F00F1E9D3 /* Todo List SwiftUI.app */,
			);
			name = Products;
			sourceTree = "<group>";
		};
		0454CC512ACB889F00F1E9D3 /* Todo List SwiftUI */ = {
			isa = PBXGroup;
			children = (
				0454CC522ACB889F00F1E9D3 /* Todo_List_SwiftUIApp.swift */,
				047A66ED2AD234B100C7A77B /* Model */,
				047A66F02AD238CE00C7A77B /* ViewModel */,
				047A035B2AD20AAB00394E66 /* Views */,
				0454CC562ACB88A000F1E9D3 /* Assets.xcassets */,
				0454CC582ACB88A000F1E9D3 /* Preview Content */,
			);
			path = "Todo List SwiftUI";
			sourceTree = "<group>";
		};
		0454CC582ACB88A000F1E9D3 /* Preview Content */ = {
			isa = PBXGroup;
			children = (
				0454CC592ACB88A000F1E9D3 /* Preview Assets.xcassets */,
			);
			path = "Preview Content";
			sourceTree = "<group>";
		};
		047A035B2AD20AAB00394E66 /* Views */ = {
			isa = PBXGroup;
			children = (
				047A035E2AD20AF300394E66 /* ListView.swift */,
				046ACFA42AD2812900CA36C7 /* NoItemsView.swift */,
				047A03622AD2160F00394E66 /* AddView.swift */,
				047A03602AD20ECC00394E66 /* ListRowView.swift */,
				04A6FE5B2AD3064800AA5CE5 /* LaunchScreen.storyboard */,
			);
			path = Views;
			sourceTree = "<group>";
		};
		047A66ED2AD234B100C7A77B /* Model */ = {
			isa = PBXGroup;
			children = (
				047A66EE2AD234C800C7A77B /* ItemModel.swift */,
			);
			path = Model;
			sourceTree = "<group>";
		};
		047A66F02AD238CE00C7A77B /* ViewModel */ = {
			isa = PBXGroup;
			children = (
				047A66F12AD238E700C7A77B /* ListViewModel.swift */,
			);
			path = ViewModel;
			sourceTree = "<group>";
		};
/* End PBXGroup section */

/* Begin PBXNativeTarget section */
		0454CC4E2ACB889F00F1E9D3 /* Todo List SwiftUI */ = {
			isa = PBXNativeTarget;
			buildConfigurationList = 0454CC5D2ACB88A000F1E9D3 /* Build configuration list for PBXNativeTarget "Todo List SwiftUI" */;
			buildPhases = (
				0454CC4B2ACB889F00F1E9D3 /* Sources */,
				0454CC4C2ACB889F00F1E9D3 /* Frameworks */,
				0454CC4D2ACB889F00F1E9D3 /* Resources */,
			);
			buildRules = (
			);
			dependencies = (
			);
			name = "Todo List SwiftUI";
			productName = "Todo List SwiftUI";
			productReference = 0454CC4F2ACB889F00F1E9D3 /* Todo List SwiftUI.app */;
			productType = "com.apple.product-type.application";
		};
/* End PBXNativeTarget section */

/* Begin PBXProject section */
		0454CC472ACB889F00F1E9D3 /* Project object */ = {
			isa = PBXProject;
			attributes = {
				BuildIndependentTargetsInParallel = 1;
				LastSwiftUpdateCheck = 1500;
				LastUpgradeCheck = 1500;
				TargetAttributes = {
					0454CC4E2ACB889F00F1E9D3 = {
						CreatedOnToolsVersion = 15.0;
					};
				};
			};
			buildConfigurationList = 0454CC4A2ACB889F00F1E9D3 /* Build configuration list for PBXProject "Todo List SwiftUI" */;
			compatibilityVersion = "Xcode 14.0";
			developmentRegion = en;
			hasScannedForEncodings = 0;
			knownRegions = (
				en,
				Base,
			);
			mainGroup = 0454CC462ACB889F00F1E9D3;
			productRefGroup = 0454CC502ACB889F00F1E9D3 /* Products */;
			projectDirPath = "";
			projectRoot = "";
			targets = (
				0454CC4E2ACB889F00F1E9D3 /* Todo List SwiftUI */,
			);
		};
/* End PBXProject section */

/* Begin PBXResourcesBuildPhase section */
		0454CC4D2ACB889F00F1E9D3 /* Resources */ = {
			isa = PBXResourcesBuildPhase;
			buildActionMask = 2147483647;
			files = (
				04A6FE5C2AD3064800AA5CE5 /* LaunchScreen.storyboard in Resources */,
				0454CC5A2ACB88A000F1E9D3 /* Preview Assets.xcassets in Resources */,
				0454CC572ACB88A000F1E9D3 /* Assets.xcassets in Resources */,
			);
			runOnlyForDeploymentPostprocessing = 0;
		};
/* End PBXResourcesBuildPhase section */

/* Begin PBXSourcesBuildPhase section */
		0454CC4B2ACB889F00F1E9D3 /* Sources */ = {
			isa = PBXSourcesBuildPhase;
			buildActionMask = 2147483647;
			files = (
				047A66EF2AD234C800C7A77B /* ItemModel.swift in Sources */,
				047A03632AD2160F00394E66 /* AddView.swift in Sources */,
				047A66F22AD238E700C7A77B /* ListViewModel.swift in Sources */,
				0454CC532ACB889F00F1E9D3 /* Todo_List_SwiftUIApp.swift in Sources */,
				047A035F2AD20AF300394E66 /* ListView.swift in Sources */,
				046ACFA52AD2812900CA36C7 /* NoItemsView.swift in Sources */,
				047A03612AD20ECC00394E66 /* ListRowView.swift in Sources */,
			);
			runOnlyForDeploymentPostprocessing = 0;
		};
/* End PBXSourcesBuildPhase section */

/* Begin XCBuildConfiguration section */
		0454CC5B2ACB88A000F1E9D3 /* Debug */ = {
			isa = XCBuildConfiguration;
			buildSettings = {
				ALWAYS_SEARCH_USER_PATHS = NO;
				ASSETCATALOG_COMPILER_GENERATE_SWIFT_ASSET_SYMBOL_EXTENSIONS = YES;
				CLANG_ANALYZER_NONNULL = YES;
				CLANG_ANALYZER_NUMBER_OBJECT_CONVERSION = YES_AGGRESSIVE;
				CLANG_CXX_LANGUAGE_STANDARD = "gnu++20";
				CLANG_ENABLE_MODULES = YES;
				CLANG_ENABLE_OBJC_ARC = YES;
				CLANG_ENABLE_OBJC_WEAK = YES;
				CLANG_WARN_BLOCK_CAPTURE_AUTORELEASING = YES;
				CLANG_WARN_BOOL_CONVERSION = YES;
				CLANG_WARN_COMMA = YES;
				CLANG_WARN_CONSTANT_CONVERSION = YES;
				CLANG_WARN_DEPRECATED_OBJC_IMPLEMENTATIONS = YES;
				CLANG_WARN_DIRECT_OBJC_ISA_USAGE = YES_ERROR;
				CLANG_WARN_DOCUMENTATION_COMMENTS = YES;
				CLANG_WARN_EMPTY_BODY = YES;
				CLANG_WARN_ENUM_CONVERSION = YES;
				CLANG_WARN_INFINITE_RECURSION = YES;
				CLANG_WARN_INT_CONVERSION = YES;
				CLANG_WARN_NON_LITERAL_NULL_CONVERSION = YES;
				CLANG_WARN_OBJC_IMPLICIT_RETAIN_SELF = YES;
				CLANG_WARN_OBJC_LITERAL_CONVERSION = YES;
				CLANG_WARN_OBJC_ROOT_CLASS = YES_ERROR;
				CLANG_WARN_QUOTED_INCLUDE_IN_FRAMEWORK_HEADER = YES;
				CLANG_WARN_RANGE_LOOP_ANALYSIS = YES;
				CLANG_WARN_STRICT_PROTOTYPES = YES;
				CLANG_WARN_SUSPICIOUS_MOVE = YES;
				CLANG_WARN_UNGUARDED_AVAILABILITY = YES_AGGRESSIVE;
				CLANG_WARN_UNREACHABLE_CODE = YES;
				CLANG_WARN__DUPLICATE_METHOD_MATCH = YES;
				COPY_PHASE_STRIP = NO;
				DEBUG_INFORMATION_FORMAT = dwarf;
				ENABLE_STRICT_OBJC_MSGSEND = YES;
				ENABLE_TESTABILITY = YES;
				ENABLE_USER_SCRIPT_SANDBOXING = YES;
				GCC_C_LANGUAGE_STANDARD = gnu17;
				GCC_DYNAMIC_NO_PIC = NO;
				GCC_NO_COMMON_BLOCKS = YES;
				GCC_OPTIMIZATION_LEVEL = 0;
				GCC_PREPROCESSOR_DEFINITIONS = (
					"DEBUG=1",
					"$(inherited)",
				);
				GCC_WARN_64_TO_32_BIT_CONVERSION = YES;
				GCC_WARN_ABOUT_RETURN_TYPE = YES_ERROR;
				GCC_WARN_UNDECLARED_SELECTOR = YES;
				GCC_WARN_UNINITIALIZED_AUTOS = YES_AGGRESSIVE;
				GCC_WARN_UNUSED_FUNCTION = YES;
				GCC_WARN_UNUSED_VARIABLE = YES;
				IPHONEOS_DEPLOYMENT_TARGET = 17.0;
				LOCALIZATION_PREFERS_STRING_CATALOGS = YES;
				MTL_ENABLE_DEBUG_INFO = INCLUDE_SOURCE;
				MTL_FAST_MATH = YES;
				ONLY_ACTIVE_ARCH = YES;
				SDKROOT = iphoneos;
				SWIFT_ACTIVE_COMPILATION_CONDITIONS = "DEBUG $(inherited)";
				SWIFT_OPTIMIZATION_LEVEL = "-Onone";
			};
			name = Debug;
		};
		0454CC5C2ACB88A000F1E9D3 /* Release */ = {
			isa = XCBuildConfiguration;
			buildSettings = {
				ALWAYS_SEARCH_USER_PATHS = NO;
				ASSETCATALOG_COMPILER_GENERATE_SWIFT_ASSET_SYMBOL_EXTENSIONS = YES;
				CLANG_ANALYZER_NONNULL = YES;
				CLANG_ANALYZER_NUMBER_OBJECT_CONVERSION = YES_AGGRESSIVE;
				CLANG_CXX_LANGUAGE_STANDARD = "gnu++20";
				CLANG_ENABLE_MODULES = YES;
				CLANG_ENABLE_OBJC_ARC = YES;
				CLANG_ENABLE_OBJC_WEAK = YES;
				CLANG_WARN_BLOCK_CAPTURE_AUTORELEASING = YES;
				CLANG_WARN_BOOL_CONVERSION = YES;
				CLANG_WARN_COMMA = YES;
				CLANG_WARN_CONSTANT_CONVERSION = YES;
				CLANG_WARN_DEPRECATED_OBJC_IMPLEMENTATIONS = YES;
				CLANG_WARN_DIRECT_OBJC_ISA_USAGE = YES_ERROR;
				CLANG_WARN_DOCUMENTATION_COMMENTS = YES;
				CLANG_WARN_EMPTY_BODY = YES;
				CLANG_WARN_ENUM_CONVERSION = YES;
				CLANG_WARN_INFINITE_RECURSION = YES;
				CLANG_WARN_INT_CONVERSION = YES;
				CLANG_WARN_NON_LITERAL_NULL_CONVERSION = YES;
				CLANG_WARN_OBJC_IMPLICIT_RETAIN_SELF = YES;
				CLANG_WARN_OBJC_LITERAL_CONVERSION = YES;
				CLANG_WARN_OBJC_ROOT_CLASS = YES_ERROR;
				CLANG_WARN_QUOTED_INCLUDE_IN_FRAMEWORK_HEADER = YES;
				CLANG_WARN_RANGE_LOOP_ANALYSIS = YES;
				CLANG_WARN_STRICT_PROTOTYPES = YES;
				CLANG_WARN_SUSPICIOUS_MOVE = YES;
				CLANG_WARN_UNGUARDED_AVAILABILITY = YES_AGGRESSIVE;
				CLANG_WARN_UNREACHABLE_CODE = YES;
				CLANG_WARN__DUPLICATE_METHOD_MATCH = YES;
				COPY_PHASE_STRIP = NO;
				DEBUG_INFORMATION_FORMAT = "dwarf-with-dsym";
				ENABLE_NS_ASSERTIONS = NO;
				ENABLE_STRICT_OBJC_MSGSEND = YES;
				ENABLE_USER_SCRIPT_SANDBOXING = YES;
				GCC_C_LANGUAGE_STANDARD = gnu17;
				GCC_NO_COMMON_BLOCKS = YES;
				GCC_WARN_64_TO_32_BIT_CONVERSION = YES;
				GCC_WARN_ABOUT_RETURN_TYPE = YES_ERROR;
				GCC_WARN_UNDECLARED_SELECTOR = YES;
				GCC_WARN_UNINITIALIZED_AUTOS = YES_AGGRESSIVE;
				GCC_WARN_UNUSED_FUNCTION = YES;
				GCC_WARN_UNUSED_VARIABLE = YES;
				IPHONEOS_DEPLOYMENT_TARGET = 17.0;
				LOCALIZATION_PREFERS_STRING_CATALOGS = YES;
				MTL_ENABLE_DEBUG_INFO = NO;
				MTL_FAST_MATH = YES;
				SDKROOT = iphoneos;
				SWIFT_COMPILATION_MODE = wholemodule;
				VALIDATE_PRODUCT = YES;
			};
			name = Release;
		};
		0454CC5E2ACB88A000F1E9D3 /* Debug */ = {
			isa = XCBuildConfiguration;
			buildSettings = {
				ASSETCATALOG_COMPILER_APPICON_NAME = AppIcon;
				ASSETCATALOG_COMPILER_GLOBAL_ACCENT_COLOR_NAME = AccentColor;
				CODE_SIGN_STYLE = Automatic;
				CURRENT_PROJECT_VERSION = 1;
				DEVELOPMENT_ASSET_PATHS = "\"Todo List SwiftUI/Preview Content\"";
				ENABLE_PREVIEWS = YES;
				GENERATE_INFOPLIST_FILE = YES;
				INFOPLIST_KEY_UIApplicationSceneManifest_Generation = YES;
				INFOPLIST_KEY_UIApplicationSupportsIndirectInputEvents = YES;
				INFOPLIST_KEY_UILaunchStoryboardName = LaunchScreen.storyboard;
				INFOPLIST_KEY_UISupportedInterfaceOrientations_iPad = "UIInterfaceOrientationPortrait UIInterfaceOrientationPortraitUpsideDown UIInterfaceOrientationLandscapeLeft UIInterfaceOrientationLandscapeRight";
				INFOPLIST_KEY_UISupportedInterfaceOrientations_iPhone = "UIInterfaceOrientationPortrait UIInterfaceOrientationLandscapeLeft UIInterfaceOrientationLandscapeRight";
				LD_RUNPATH_SEARCH_PATHS = (
					"$(inherited)",
					"@executable_path/Frameworks",
				);
				MARKETING_VERSION = 1.0;
				PRODUCT_BUNDLE_IDENTIFIER = "BolaGamal.Todo-List-SwiftUI";
				PRODUCT_NAME = "$(TARGET_NAME)";
				SWIFT_EMIT_LOC_STRINGS = YES;
				SWIFT_VERSION = 5.0;
				TARGETED_DEVICE_FAMILY = "1,2";
			};
			name = Debug;
		};
		0454CC5F2ACB88A000F1E9D3 /* Release */ = {
			isa = XCBuildConfiguration;
			buildSettings = {
				ASSETCATALOG_COMPILER_APPICON_NAME = AppIcon;
				ASSETCATALOG_COMPILER_GLOBAL_ACCENT_COLOR_NAME = AccentColor;
				CODE_SIGN_STYLE = Automatic;
				CURRENT_PROJECT_VERSION = 1;
				DEVELOPMENT_ASSET_PATHS = "\"Todo List SwiftUI/Preview Content\"";
				ENABLE_PREVIEWS = YES;
				GENERATE_INFOPLIST_FILE = YES;
				INFOPLIST_KEY_UIApplicationSceneManifest_Generation = YES;
				INFOPLIST_KEY_UIApplicationSupportsIndirectInputEvents = YES;
				INFOPLIST_KEY_UILaunchStoryboardName = LaunchScreen.storyboard;
				INFOPLIST_KEY_UISupportedInterfaceOrientations_iPad = "UIInterfaceOrientationPortrait UIInterfaceOrientationPortraitUpsideDown UIInterfaceOrientationLandscapeLeft UIInterfaceOrientationLandscapeRight";
				INFOPLIST_KEY_UISupportedInterfaceOrientations_iPhone = "UIInterfaceOrientationPortrait UIInterfaceOrientationLandscapeLeft UIInterfaceOrientationLandscapeRight";
				LD_RUNPATH_SEARCH_PATHS = (
					"$(inherited)",
					"@executable_path/Frameworks",
				);
				MARKETING_VERSION = 1.0;
				PRODUCT_BUNDLE_IDENTIFIER = "BolaGamal.Todo-List-SwiftUI";
				PRODUCT_NAME = "$(TARGET_NAME)";
				SWIFT_EMIT_LOC_STRINGS = YES;
				SWIFT_VERSION = 5.0;
				TARGETED_DEVICE_FAMILY = "1,2";
			};
			name = Release;
		};
/* End XCBuildConfiguration section */

/* Begin XCConfigurationList section */
		0454CC4A2ACB889F00F1E9D3 /* Build configuration list for PBXProject "Todo List SwiftUI" */ = {
			isa = XCConfigurationList;
			buildConfigurations = (
				0454CC5B2ACB88A000F1E9D3 /* Debug */,
				0454CC5C2ACB88A000F1E9D3 /* Release */,
			);
			defaultConfigurationIsVisible = 0;
			defaultConfigurationName = Release;
		};
		0454CC5D2ACB88A000F1E9D3 /* Build configuration list for PBXNativeTarget "Todo List SwiftUI" */ = {
			isa = XCConfigurationList;
			buildConfigurations = (
				0454CC5E2ACB88A000F1E9D3 /* Debug */,
				0454CC5F2ACB88A000F1E9D3 /* Release */,
			);
			defaultConfigurationIsVisible = 0;
			defaultConfigurationName = Release;
		};
/* End XCConfigurationList section */
	};
	rootObject = 0454CC472ACB889F00F1E9D3 /* Project object */;
}
